
Microsoft Visual Studio Solution File, Format Version 12.00
# Visual Studio Version 16
VisualStudioVersion = 16.0.30406.217
MinimumVisualStudioVersion = 10.0.40219.1
Project("{FAE04EC0-301F-11D3-BF4B-00C04F79EFBC}") = "CESAR", "CESAR\CESAR.csproj", "{8C1C8FEB-5A6E-4D27-A7C7-9C2081B9B87D}"
EndProject
Global
	GlobalSection(SolutionConfigurationPlatforms) = preSolution
		Debug|Any CPU = Debug|Any CPU
		Release|Any CPU = Release|Any CPU
	EndGlobalSection
	GlobalSection(ProjectConfigurationPlatforms) = postSolution
		{8C1C8FEB-5A6E-4D27-A7C7-9C2081B9B87D}.Debug|Any CPU.ActiveCfg = Debug|Any CPU
		{8C1C8FEB-5A6E-4D27-A7C7-9C2081B9B87D}.Debug|Any CPU.Build.0 = Debug|Any CPU
		{8C1C8FEB-5A6E-4D27-A7C7-9C2081B9B87D}.Release|Any CPU.ActiveCfg = Release|Any CPU
		{8C1C8FEB-5A6E-4D27-A7C7-9C2081B9B87D}.Release|Any CPU.Build.0 = Release|Any CPU
	EndGlobalSection
	GlobalSection(SolutionProperties) = preSolution
		HideSolutionNode = FALSE
	EndGlobalSection
	GlobalSection(ExtensibilityGlobals) = postSolution
		SolutionGuid = {62451620-AD0B-4A15-BD5F-5166EBC04785}
	EndGlobalSection
EndGlobal
